
Microsoft Visual Studio Solution File, Format Version 12.00
# Visual Studio Version 17
VisualStudioVersion = 17.3.32929.385
MinimumVisualStudioVersion = 10.0.40219.1
Project("{2150E333-8FDC-42A3-9474-1A3956D46DE8}") = "FrontEnd", "FrontEnd", "{D19B9321-3D40-4547-A3FB-71ED2F5EFDE6}"
EndProject
Project("{9A19103F-16F7-4668-BE54-9A1E7A4F7556}") = "Mango.Web", "Mango.Web\Mango.Web.csproj", "{E1D054CB-CEF6-4409-BAEF-68C3D7F93DC0}"
EndProject
Project("{2150E333-8FDC-42A3-9474-1A3956D46DE8}") = "Services", "Services", "{D32F15CF-DB34-4A6B-8002-1C36A503049F}"
EndProject
Project("{9A19103F-16F7-4668-BE54-9A1E7A4F7556}") = "Mango.Services.ProductAPI", "Mango.Services.ProductAPI\Mango.Services.ProductAPI.csproj", "{B5F71324-233E-4FDF-9658-6F75F0CDC599}"
EndProject
Project("{9A19103F-16F7-4668-BE54-9A1E7A4F7556}") = "Mango.Services.IdentityServer", "Mango.Services.IdentityServer\Mango.Services.IdentityServer.csproj", "{35312153-A07F-43E3-B4FA-C428FD25B57D}"
EndProject
Project("{9A19103F-16F7-4668-BE54-9A1E7A4F7556}") = "Mango.Services.ShoppingCartAPI", "Mango.Services.ShoppingCartAPI\Mango.Services.ShoppingCartAPI.csproj", "{B43A9360-B3ED-462E-BB25-4848357E4FE3}"
EndProject
Project("{9A19103F-16F7-4668-BE54-9A1E7A4F7556}") = "Mango.Services.CouponAPI", "Mango.Services.CouponAPI\Mango.Services.CouponAPI.csproj", "{4757C3D4-4081-402F-8ADD-9D44D3CB8438}"
EndProject
Project("{2150E333-8FDC-42A3-9474-1A3956D46DE8}") = "Integration", "Integration", "{8A59CBFE-2A9F-4385-84DC-840AF5FD1E4F}"
EndProject
Project("{9A19103F-16F7-4668-BE54-9A1E7A4F7556}") = "Mango.MessageBus", "Mango.MessageBus\Mango.MessageBus.csproj", "{ACEC6A76-6E92-4EA7-93C0-34BDCAAB5650}"
EndProject
Project("{9A19103F-16F7-4668-BE54-9A1E7A4F7556}") = "Mango.Services.OrderAPI", "Mango.Services.OrderAPI\Mango.Services.OrderAPI.csproj", "{38D0BD85-9A4D-410A-88BC-491949D32FA3}"
EndProject
Project("{2150E333-8FDC-42A3-9474-1A3956D46DE8}") = "Payments", "Payments", "{FE785982-0760-4EC0-B0A1-A631BF910645}"
EndProject
Project("{9A19103F-16F7-4668-BE54-9A1E7A4F7556}") = "PaymentProcessor", "PaymentProcessor\PaymentProcessor.csproj", "{E92FC8FF-A8E0-43F8-B994-F0DD7C5FEFA5}"
EndProject
Project("{FAE04EC0-301F-11D3-BF4B-00C04F79EFBC}") = "Mango.Services.PaymentAPI", "Mango.Services.PaymentAPI\Mango.Services.PaymentAPI.csproj", "{2C0BD823-D7D1-49C9-9757-4920E2FF38E2}"
EndProject
Global
	GlobalSection(SolutionConfigurationPlatforms) = preSolution
		Debug|Any CPU = Debug|Any CPU
		Release|Any CPU = Release|Any CPU
	EndGlobalSection
	GlobalSection(ProjectConfigurationPlatforms) = postSolution
		{E1D054CB-CEF6-4409-BAEF-68C3D7F93DC0}.Debug|Any CPU.ActiveCfg = Debug|Any CPU
		{E1D054CB-CEF6-4409-BAEF-68C3D7F93DC0}.Debug|Any CPU.Build.0 = Debug|Any CPU
		{E1D054CB-CEF6-4409-BAEF-68C3D7F93DC0}.Release|Any CPU.ActiveCfg = Release|Any CPU
		{E1D054CB-CEF6-4409-BAEF-68C3D7F93DC0}.Release|Any CPU.Build.0 = Release|Any CPU
		{B5F71324-233E-4FDF-9658-6F75F0CDC599}.Debug|Any CPU.ActiveCfg = Debug|Any CPU
		{B5F71324-233E-4FDF-9658-6F75F0CDC599}.Debug|Any CPU.Build.0 = Debug|Any CPU
		{B5F71324-233E-4FDF-9658-6F75F0CDC599}.Release|Any CPU.ActiveCfg = Release|Any CPU
		{B5F71324-233E-4FDF-9658-6F75F0CDC599}.Release|Any CPU.Build.0 = Release|Any CPU
		{35312153-A07F-43E3-B4FA-C428FD25B57D}.Debug|Any CPU.ActiveCfg = Debug|Any CPU
		{35312153-A07F-43E3-B4FA-C428FD25B57D}.Debug|Any CPU.Build.0 = Debug|Any CPU
		{35312153-A07F-43E3-B4FA-C428FD25B57D}.Release|Any CPU.ActiveCfg = Release|Any CPU
		{35312153-A07F-43E3-B4FA-C428FD25B57D}.Release|Any CPU.Build.0 = Release|Any CPU
		{B43A9360-B3ED-462E-BB25-4848357E4FE3}.Debug|Any CPU.ActiveCfg = Debug|Any CPU
		{B43A9360-B3ED-462E-BB25-4848357E4FE3}.Debug|Any CPU.Build.0 = Debug|Any CPU
		{B43A9360-B3ED-462E-BB25-4848357E4FE3}.Release|Any CPU.ActiveCfg = Release|Any CPU
		{B43A9360-B3ED-462E-BB25-4848357E4FE3}.Release|Any CPU.Build.0 = Release|Any CPU
		{4757C3D4-4081-402F-8ADD-9D44D3CB8438}.Debug|Any CPU.ActiveCfg = Debug|Any CPU
		{4757C3D4-4081-402F-8ADD-9D44D3CB8438}.Debug|Any CPU.Build.0 = Debug|Any CPU
		{4757C3D4-4081-402F-8ADD-9D44D3CB8438}.Release|Any CPU.ActiveCfg = Release|Any CPU
		{4757C3D4-4081-402F-8ADD-9D44D3CB8438}.Release|Any CPU.Build.0 = Release|Any CPU
		{ACEC6A76-6E92-4EA7-93C0-34BDCAAB5650}.Debug|Any CPU.ActiveCfg = Debug|Any CPU
		{ACEC6A76-6E92-4EA7-93C0-34BDCAAB5650}.Debug|Any CPU.Build.0 = Debug|Any CPU
		{ACEC6A76-6E92-4EA7-93C0-34BDCAAB5650}.Release|Any CPU.ActiveCfg = Release|Any CPU
		{ACEC6A76-6E92-4EA7-93C0-34BDCAAB5650}.Release|Any CPU.Build.0 = Release|Any CPU
		{38D0BD85-9A4D-410A-88BC-491949D32FA3}.Debug|Any CPU.ActiveCfg = Debug|Any CPU
		{38D0BD85-9A4D-410A-88BC-491949D32FA3}.Debug|Any CPU.Build.0 = Debug|Any CPU
		{38D0BD85-9A4D-410A-88BC-491949D32FA3}.Release|Any CPU.ActiveCfg = Release|Any CPU
		{38D0BD85-9A4D-410A-88BC-491949D32FA3}.Release|Any CPU.Build.0 = Release|Any CPU
		{E92FC8FF-A8E0-43F8-B994-F0DD7C5FEFA5}.Debug|Any CPU.ActiveCfg = Debug|Any CPU
		{E92FC8FF-A8E0-43F8-B994-F0DD7C5FEFA5}.Debug|Any CPU.Build.0 = Debug|Any CPU
		{E92FC8FF-A8E0-43F8-B994-F0DD7C5FEFA5}.Release|Any CPU.ActiveCfg = Release|Any CPU
		{E92FC8FF-A8E0-43F8-B994-F0DD7C5FEFA5}.Release|Any CPU.Build.0 = Release|Any CPU
		{2C0BD823-D7D1-49C9-9757-4920E2FF38E2}.Debug|Any CPU.ActiveCfg = Debug|Any CPU
		{2C0BD823-D7D1-49C9-9757-4920E2FF38E2}.Debug|Any CPU.Build.0 = Debug|Any CPU
		{2C0BD823-D7D1-49C9-9757-4920E2FF38E2}.Release|Any CPU.ActiveCfg = Release|Any CPU
		{2C0BD823-D7D1-49C9-9757-4920E2FF38E2}.Release|Any CPU.Build.0 = Release|Any CPU
	EndGlobalSection
	GlobalSection(SolutionProperties) = preSolution
		HideSolutionNode = FALSE
	EndGlobalSection
	GlobalSection(NestedProjects) = preSolution
		{E1D054CB-CEF6-4409-BAEF-68C3D7F93DC0} = {D19B9321-3D40-4547-A3FB-71ED2F5EFDE6}
		{B5F71324-233E-4FDF-9658-6F75F0CDC599} = {D32F15CF-DB34-4A6B-8002-1C36A503049F}
		{35312153-A07F-43E3-B4FA-C428FD25B57D} = {D32F15CF-DB34-4A6B-8002-1C36A503049F}
		{B43A9360-B3ED-462E-BB25-4848357E4FE3} = {D32F15CF-DB34-4A6B-8002-1C36A503049F}
		{4757C3D4-4081-402F-8ADD-9D44D3CB8438} = {D32F15CF-DB34-4A6B-8002-1C36A503049F}
		{ACEC6A76-6E92-4EA7-93C0-34BDCAAB5650} = {8A59CBFE-2A9F-4385-84DC-840AF5FD1E4F}
		{38D0BD85-9A4D-410A-88BC-491949D32FA3} = {D32F15CF-DB34-4A6B-8002-1C36A503049F}
		{E92FC8FF-A8E0-43F8-B994-F0DD7C5FEFA5} = {FE785982-0760-4EC0-B0A1-A631BF910645}
		{2C0BD823-D7D1-49C9-9757-4920E2FF38E2} = {D32F15CF-DB34-4A6B-8002-1C36A503049F}
	EndGlobalSection
	GlobalSection(ExtensibilityGlobals) = postSolution
		SolutionGuid = {113C3B18-D4D6-48D5-B066-E613296627D9}
	EndGlobalSection
EndGlobal
