
Microsoft Visual Studio Solution File, Format Version 12.00
# Visual Studio Version 17
VisualStudioVersion = 17.3.32929.385
MinimumVisualStudioVersion = 10.0.40219.1
Project("{2150E333-8FDC-42A3-9474-1A3956D46DE8}") = "FrontEnd", "FrontEnd", "{D19B9321-3D40-4547-A3FB-71ED2F5EFDE6}"
EndProject
Project("{FAE04EC0-301F-11D3-BF4B-00C04F79EFBC}") = "Mango.Web", "Mango.Web\Mango.Web.csproj", "{E1D054CB-CEF6-4409-BAEF-68C3D7F93DC0}"
EndProject
Global
	GlobalSection(SolutionConfigurationPlatforms) = preSolution
		Debug|Any CPU = Debug|Any CPU
		Release|Any CPU = Release|Any CPU
	EndGlobalSection
	GlobalSection(ProjectConfigurationPlatforms) = postSolution
		{E1D054CB-CEF6-4409-BAEF-68C3D7F93DC0}.Debug|Any CPU.ActiveCfg = Debug|Any CPU
		{E1D054CB-CEF6-4409-BAEF-68C3D7F93DC0}.Debug|Any CPU.Build.0 = Debug|Any CPU
		{E1D054CB-CEF6-4409-BAEF-68C3D7F93DC0}.Release|Any CPU.ActiveCfg = Release|Any CPU
		{E1D054CB-CEF6-4409-BAEF-68C3D7F93DC0}.Release|Any CPU.Build.0 = Release|Any CPU
	EndGlobalSection
	GlobalSection(SolutionProperties) = preSolution
		HideSolutionNode = FALSE
	EndGlobalSection
	GlobalSection(NestedProjects) = preSolution
		{E1D054CB-CEF6-4409-BAEF-68C3D7F93DC0} = {D19B9321-3D40-4547-A3FB-71ED2F5EFDE6}
	EndGlobalSection
	GlobalSection(ExtensibilityGlobals) = postSolution
		SolutionGuid = {113C3B18-D4D6-48D5-B066-E613296627D9}
	EndGlobalSection
EndGlobal
